
Microsoft Visual Studio Solution File, Format Version 12.00
# Visual Studio Version 17
VisualStudioVersion = 17.4.33103.184
MinimumVisualStudioVersion = 10.0.40219.1
Project("{FAE04EC0-301F-11D3-BF4B-00C04F79EFBC}") = "zadanie 54", "zadanie 54\zadanie 54.csproj", "{F4430945-3E4C-4344-8FF6-30F3B751014E}"
EndProject
Global
	GlobalSection(SolutionConfigurationPlatforms) = preSolution
		Debug|Any CPU = Debug|Any CPU
		Release|Any CPU = Release|Any CPU
	EndGlobalSection
	GlobalSection(ProjectConfigurationPlatforms) = postSolution
		{F4430945-3E4C-4344-8FF6-30F3B751014E}.Debug|Any CPU.ActiveCfg = Debug|Any CPU
		{F4430945-3E4C-4344-8FF6-30F3B751014E}.Debug|Any CPU.Build.0 = Debug|Any CPU
		{F4430945-3E4C-4344-8FF6-30F3B751014E}.Release|Any CPU.ActiveCfg = Release|Any CPU
		{F4430945-3E4C-4344-8FF6-30F3B751014E}.Release|Any CPU.Build.0 = Release|Any CPU
	EndGlobalSection
	GlobalSection(SolutionProperties) = preSolution
		HideSolutionNode = FALSE
	EndGlobalSection
	GlobalSection(ExtensibilityGlobals) = postSolution
		SolutionGuid = {1549B1E4-B860-4B99-A28B-16A95138E08C}
	EndGlobalSection
EndGlobal
