
Microsoft Visual Studio Solution File, Format Version 12.00
# Visual Studio Version 17
VisualStudioVersion = 17.4.33103.184
MinimumVisualStudioVersion = 10.0.40219.1
Project("{FAE04EC0-301F-11D3-BF4B-00C04F79EFBC}") = "task 38", "task 38\task 38.csproj", "{A0088606-C0E9-4BBC-A888-2EFEFB0BE43A}"
EndProject
Global
	GlobalSection(SolutionConfigurationPlatforms) = preSolution
		Debug|Any CPU = Debug|Any CPU
		Release|Any CPU = Release|Any CPU
	EndGlobalSection
	GlobalSection(ProjectConfigurationPlatforms) = postSolution
		{A0088606-C0E9-4BBC-A888-2EFEFB0BE43A}.Debug|Any CPU.ActiveCfg = Debug|Any CPU
		{A0088606-C0E9-4BBC-A888-2EFEFB0BE43A}.Debug|Any CPU.Build.0 = Debug|Any CPU
		{A0088606-C0E9-4BBC-A888-2EFEFB0BE43A}.Release|Any CPU.ActiveCfg = Release|Any CPU
		{A0088606-C0E9-4BBC-A888-2EFEFB0BE43A}.Release|Any CPU.Build.0 = Release|Any CPU
	EndGlobalSection
	GlobalSection(SolutionProperties) = preSolution
		HideSolutionNode = FALSE
	EndGlobalSection
	GlobalSection(ExtensibilityGlobals) = postSolution
		SolutionGuid = {F8A22971-2036-450E-8BAD-7BC3A67A6097}
	EndGlobalSection
EndGlobal
