
Microsoft Visual Studio Solution File, Format Version 12.00
# Visual Studio Version 17
VisualStudioVersion = 17.4.33103.184
MinimumVisualStudioVersion = 10.0.40219.1
Project("{FAE04EC0-301F-11D3-BF4B-00C04F79EFBC}") = "ConsoleApp3", "ConsoleApp3\ConsoleApp3.csproj", "{ACB101AD-6628-4E41-8C51-DD82E5DCCEF1}"
EndProject
Global
	GlobalSection(SolutionConfigurationPlatforms) = preSolution
		Debug|Any CPU = Debug|Any CPU
		Release|Any CPU = Release|Any CPU
	EndGlobalSection
	GlobalSection(ProjectConfigurationPlatforms) = postSolution
		{ACB101AD-6628-4E41-8C51-DD82E5DCCEF1}.Debug|Any CPU.ActiveCfg = Debug|Any CPU
		{ACB101AD-6628-4E41-8C51-DD82E5DCCEF1}.Debug|Any CPU.Build.0 = Debug|Any CPU
		{ACB101AD-6628-4E41-8C51-DD82E5DCCEF1}.Release|Any CPU.ActiveCfg = Release|Any CPU
		{ACB101AD-6628-4E41-8C51-DD82E5DCCEF1}.Release|Any CPU.Build.0 = Release|Any CPU
	EndGlobalSection
	GlobalSection(SolutionProperties) = preSolution
		HideSolutionNode = FALSE
	EndGlobalSection
	GlobalSection(ExtensibilityGlobals) = postSolution
		SolutionGuid = {F9935B80-2746-43DE-8D43-E1066CDD6B0E}
	EndGlobalSection
EndGlobal
